{
  "name": "b-reviewers-co",
  "version": "1.0.0",
  "lockfileVersion": 3,
  "requires": true,
  "packages": {
    "": {
      "name": "b-reviewers-co",
      "version": "1.0.0",
      "dependencies": {
        "b-reviewers-co": "file:"
      }
    },
    "node_modules/b-reviewers-co": {
      "resolved": "",
      "link": true
    }
  }
}
